
Microsoft Visual Studio Solution File, Format Version 12.00
# Visual Studio Version 17
VisualStudioVersion = 17.9.34714.143
MinimumVisualStudioVersion = 10.0.40219.1
Project("{FAE04EC0-301F-11D3-BF4B-00C04F79EFBC}") = "SolarSync_API", "SolarSync_API.csproj", "{5AC501AB-1E03-4C11-BD9B-BAD8B7CB23B0}"
EndProject
Global
	GlobalSection(SolutionConfigurationPlatforms) = preSolution
		Debug|Any CPU = Debug|Any CPU
		Release|Any CPU = Release|Any CPU
	EndGlobalSection
	GlobalSection(ProjectConfigurationPlatforms) = postSolution
		{5AC501AB-1E03-4C11-BD9B-BAD8B7CB23B0}.Debug|Any CPU.ActiveCfg = Debug|Any CPU
		{5AC501AB-1E03-4C11-BD9B-BAD8B7CB23B0}.Debug|Any CPU.Build.0 = Debug|Any CPU
		{5AC501AB-1E03-4C11-BD9B-BAD8B7CB23B0}.Release|Any CPU.ActiveCfg = Release|Any CPU
		{5AC501AB-1E03-4C11-BD9B-BAD8B7CB23B0}.Release|Any CPU.Build.0 = Release|Any CPU
	EndGlobalSection
	GlobalSection(SolutionProperties) = preSolution
		HideSolutionNode = FALSE
	EndGlobalSection
	GlobalSection(ExtensibilityGlobals) = postSolution
		SolutionGuid = {F77F7A43-5829-4B45-8679-94CEF842E756}
	EndGlobalSection
EndGlobal
